
Microsoft Visual Studio Solution File, Format Version 12.00
# Visual Studio Version 17
VisualStudioVersion = 17.8.34525.116
MinimumVisualStudioVersion = 10.0.40219.1
Project("{FAE04EC0-301F-11D3-BF4B-00C04F79EFBC}") = "MauiAppqualCombustivel", "MauiAppqualCombustivel\MauiAppqualCombustivel.csproj", "{86B7E70F-2F22-441F-BAB6-F50EDF2B48B0}"
EndProject
Global
	GlobalSection(SolutionConfigurationPlatforms) = preSolution
		Debug|Any CPU = Debug|Any CPU
		Release|Any CPU = Release|Any CPU
	EndGlobalSection
	GlobalSection(ProjectConfigurationPlatforms) = postSolution
		{86B7E70F-2F22-441F-BAB6-F50EDF2B48B0}.Debug|Any CPU.ActiveCfg = Debug|Any CPU
		{86B7E70F-2F22-441F-BAB6-F50EDF2B48B0}.Debug|Any CPU.Build.0 = Debug|Any CPU
		{86B7E70F-2F22-441F-BAB6-F50EDF2B48B0}.Debug|Any CPU.Deploy.0 = Debug|Any CPU
		{86B7E70F-2F22-441F-BAB6-F50EDF2B48B0}.Release|Any CPU.ActiveCfg = Release|Any CPU
		{86B7E70F-2F22-441F-BAB6-F50EDF2B48B0}.Release|Any CPU.Build.0 = Release|Any CPU
		{86B7E70F-2F22-441F-BAB6-F50EDF2B48B0}.Release|Any CPU.Deploy.0 = Release|Any CPU
	EndGlobalSection
	GlobalSection(SolutionProperties) = preSolution
		HideSolutionNode = FALSE
	EndGlobalSection
	GlobalSection(ExtensibilityGlobals) = postSolution
		SolutionGuid = {A6EFF49B-5B78-451F-B9DA-875DA87F8783}
	EndGlobalSection
EndGlobal
